<?xml version="1.0" encoding="utf-8"?>
<Project ToolsVersion="4.0" xmlns="http://schemas.microsoft.com/developer/msbuild/2003">
  <ItemGroup>
    <Filter Include="源文件">
      <UniqueIdentifier>{4FC737F1-C7A5-4376-A066-2A32D752A2FF}</UniqueIdentifier>
      <Extensions>cpp;c;cc;cxx;def;odl;idl;hpj;bat;asm;asmx</Extensions>
    </Filter>
    <Filter Include="头文件">
      <UniqueIdentifier>{93995380-89BD-4b04-88EB-625FBE52EBFB}</UniqueIdentifier>
      <Extensions>h;hh;hpp;hxx;hm;inl;inc;ipp;xsd</Extensions>
    </Filter>
    <Filter Include="资源文件">
      <UniqueIdentifier>{67DA6AB6-F800-4c08-8B7A-83BB121AAD01}</UniqueIdentifier>
      <Extensions>rc;ico;cur;bmp;dlg;rc2;rct;bin;rgs;gif;jpg;jpeg;jpe;resx;tiff;tif;png;wav;mfcribbon-ms</Extensions>
    </Filter>
  </ItemGroup>
  <ItemGroup>
    <ClCompile Include="base4_fft.cpp">
      <Filter>源文件</Filter>
    </ClCompile>
    <ClCompile Include="Datablock_Read.cpp">
      <Filter>源文件</Filter>
    </ClCompile>
    <ClCompile Include="LSA_denoise.cpp">
      <Filter>源文件</Filter>
    </ClCompile>
    <ClCompile Include="main.cpp">
      <Filter>源文件</Filter>
    </ClCompile>
    <ClCompile Include="Cordic.cpp">
      <Filter>源文件</Filter>
    </ClCompile>
    <ClCompile Include="G_calculate.cpp">
      <Filter>源文件</Filter>
    </ClCompile>
  </ItemGroup>
  <ItemGroup>
    <ClInclude Include="base4_fft.h">
      <Filter>头文件</Filter>
    </ClInclude>
    <ClInclude Include="Datablock_Read.h">
      <Filter>头文件</Filter>
    </ClInclude>
    <ClInclude Include="head.h">
      <Filter>头文件</Filter>
    </ClInclude>
    <ClInclude Include="LSA_denoise.h">
      <Filter>头文件</Filter>
    </ClInclude>
    <ClInclude Include="SearchChart.h">
      <Filter>头文件</Filter>
    </ClInclude>
    <ClInclude Include="Cordic.h">
      <Filter>头文件</Filter>
    </ClInclude>
    <ClInclude Include="G_calculate.h">
      <Filter>头文件</Filter>
    </ClInclude>
  </ItemGroup>
  <ItemGroup>
    <ResourceCompile Include="OM_LSA.rc">
      <Filter>资源文件</Filter>
    </ResourceCompile>
  </ItemGroup>
</Project>